
Microsoft Visual Studio Solution File, Format Version 12.00
# Visual Studio Version 16
VisualStudioVersion = 16.0.31019.35
MinimumVisualStudioVersion = 10.0.40219.1
Project("{8BC9CEB8-8B4A-11D0-8D11-00A0C91BC942}") = "Project2", "Project2\Project2.vcxproj", "{BCCE922F-5FAE-4226-B5E5-9C48BD067874}"
EndProject
Global
	GlobalSection(SolutionConfigurationPlatforms) = preSolution
		Debug|x64 = Debug|x64
		Debug|x86 = Debug|x86
		Release|x64 = Release|x64
		Release|x86 = Release|x86
	EndGlobalSection
	GlobalSection(ProjectConfigurationPlatforms) = postSolution
		{BCCE922F-5FAE-4226-B5E5-9C48BD067874}.Debug|x64.ActiveCfg = Debug|x64
		{BCCE922F-5FAE-4226-B5E5-9C48BD067874}.Debug|x64.Build.0 = Debug|x64
		{BCCE922F-5FAE-4226-B5E5-9C48BD067874}.Debug|x86.ActiveCfg = Debug|Win32
		{BCCE922F-5FAE-4226-B5E5-9C48BD067874}.Debug|x86.Build.0 = Debug|Win32
		{BCCE922F-5FAE-4226-B5E5-9C48BD067874}.Release|x64.ActiveCfg = Release|x64
		{BCCE922F-5FAE-4226-B5E5-9C48BD067874}.Release|x64.Build.0 = Release|x64
		{BCCE922F-5FAE-4226-B5E5-9C48BD067874}.Release|x86.ActiveCfg = Release|Win32
		{BCCE922F-5FAE-4226-B5E5-9C48BD067874}.Release|x86.Build.0 = Release|Win32
	EndGlobalSection
	GlobalSection(SolutionProperties) = preSolution
		HideSolutionNode = FALSE
	EndGlobalSection
	GlobalSection(ExtensibilityGlobals) = postSolution
		SolutionGuid = {FE37ED88-0220-42B2-975E-4E9B38FA1A0D}
	EndGlobalSection
EndGlobal
